
Microsoft Visual Studio Solution File, Format Version 10.00
# Visual Studio 2008
Project("{2150E333-8FDC-42A3-9474-1A3956D46DE8}") = "!-Doc.Developer", "!-Doc.Developer", "{E3E1764C-1358-495F-839F-721D4D307DF8}"
	ProjectSection(SolutionItems) = preProject
		!-Doc.Developer\FxCopSetup.txt = !-Doc.Developer\FxCopSetup.txt
		!-Doc.Developer\Guidelines.txt = !-Doc.Developer\Guidelines.txt
		!-Doc.Developer\HowToAddTestProject.txt = !-Doc.Developer\HowToAddTestProject.txt
		!-Doc.Developer\HowToExportArgoUML.txt = !-Doc.Developer\HowToExportArgoUML.txt
		!-Doc.Developer\HowToRunAndDebugNUnitTests.txt = !-Doc.Developer\HowToRunAndDebugNUnitTests.txt
		!-Doc.Developer\NUnitSetup.txt = !-Doc.Developer\NUnitSetup.txt
		!-Doc.Developer\StyleCopSetup.txt = !-Doc.Developer\StyleCopSetup.txt
		!-Doc.Developer\SVNSetup.txt = !-Doc.Developer\SVNSetup.txt
		!-Doc.Developer\Template.cs = !-Doc.Developer\Template.cs
		!-Doc.Developer\VisualStudioSetup.txt = !-Doc.Developer\VisualStudioSetup.txt
	EndProjectSection
EndProject
Project("{2150E333-8FDC-42A3-9474-1A3956D46DE8}") = "!-Scripts", "!-Scripts", "{08FEFDFE-B7C8-4D17-9C8F-3B3108242FB4}"
	ProjectSection(SolutionItems) = preProject
		!-Scripts\CleanAll-Options.bat = !-Scripts\CleanAll-Options.bat
		!-Scripts\CleanAll-SCM.bat = !-Scripts\CleanAll-SCM.bat
		!-Scripts\CleanAll-Setup.bat = !-Scripts\CleanAll-Setup.bat
		!-Scripts\CleanAll-Temp.bat = !-Scripts\CleanAll-Temp.bat
		!-Scripts\CleanAll.bat = !-Scripts\CleanAll.bat
		!-Scripts\CleanDir.bat = !-Scripts\CleanDir.bat
		!-Scripts\CleanFiles.bat = !-Scripts\CleanFiles.bat
	EndProjectSection
EndProject
Project("{2150E333-8FDC-42A3-9474-1A3956D46DE8}") = "!-TestSettings", "!-TestSettings", "{CA89FA6B-B262-4974-8690-03E65F24A704}"
	ProjectSection(SolutionItems) = preProject
		..\!-TestSettings\MKY.IO.Ports.Test.Settings.config = ..\!-TestSettings\MKY.IO.Ports.Test.Settings.config
		..\!-TestSettings\MKY.IO.Usb.Test.Settings.config = ..\!-TestSettings\MKY.IO.Usb.Test.Settings.config
		..\!-TestSettings\MKY.Net.Test.Settings.config = ..\!-TestSettings\MKY.Net.Test.Settings.config
	EndProjectSection
EndProject
Project("{2150E333-8FDC-42A3-9474-1A3956D46DE8}") = "ALAZ", "ALAZ", "{1AFE4E73-E215-4331-9E03-F33F61E3F442}"
	ProjectSection(SolutionItems) = preProject
		ALAZ\ALAZ.Version.cs = ALAZ\ALAZ.Version.cs
	EndProjectSection
EndProject
Project("{FAE04EC0-301F-11D3-BF4B-00C04F79EFBC}") = "ALAZ.SystemEx", "ALAZ\Source\ALAZ.SystemEx\ALAZ.SystemEx.csproj", "{FA1EF4FC-2FC7-4B29-9EAB-2872593C89E2}"
EndProject
Project("{FAE04EC0-301F-11D3-BF4B-00C04F79EFBC}") = "ALAZ.SystemEx.NetEx", "ALAZ\Source\ALAZ.SystemEx.NetEx\ALAZ.SystemEx.NetEx.csproj", "{25162422-3B32-4FB3-8A99-6BCFBE30D9AE}"
EndProject
Project("{2150E333-8FDC-42A3-9474-1A3956D46DE8}") = "MKY", "MKY", "{41ACF768-8299-493A-9A21-B9A1B5C5BA5C}"
	ProjectSection(SolutionItems) = preProject
		MKY\MKY.Version.cs = MKY\MKY.Version.cs
	EndProjectSection
EndProject
Project("{FAE04EC0-301F-11D3-BF4B-00C04F79EFBC}") = "MKY", "MKY\MKY\MKY.csproj", "{F489B948-95CF-49FE-B9AA-A51654F5688B}"
EndProject
Project("{FAE04EC0-301F-11D3-BF4B-00C04F79EFBC}") = "MKY.Test", "MKY\MKY.Test\MKY.Test.csproj", "{644F7C29-CCE6-4827-9EF2-8B7D34194101}"
EndProject
Project("{FAE04EC0-301F-11D3-BF4B-00C04F79EFBC}") = "MKY.IO.Ports", "MKY\MKY.IO.Ports\MKY.IO.Ports.csproj", "{D8940035-D30A-48A3-AC28-E8A4B8910CB9}"
EndProject
Project("{FAE04EC0-301F-11D3-BF4B-00C04F79EFBC}") = "MKY.IO.Ports.Test", "MKY\MKY.IO.Ports.Test\MKY.IO.Ports.Test.csproj", "{82461541-B351-4913-9747-EAFEE2322768}"
EndProject
Project("{FAE04EC0-301F-11D3-BF4B-00C04F79EFBC}") = "MKY.IO.Serial", "MKY\MKY.IO.Serial\MKY.IO.Serial.csproj", "{E3A19532-D12A-4A90-B7F3-637A0A8FA6BD}"
EndProject
Project("{FAE04EC0-301F-11D3-BF4B-00C04F79EFBC}") = "MKY.IO.Serial.Test", "MKY\MKY.IO.Serial.Test\MKY.IO.Serial.Test.csproj", "{CAEC3FFA-F303-4CCB-A42A-36F45AA00BD2}"
EndProject
Project("{FAE04EC0-301F-11D3-BF4B-00C04F79EFBC}") = "MKY.IO.Usb", "MKY\MKY.IO.Usb\MKY.IO.Usb.csproj", "{1B657329-940D-4AA1-9768-431288B555E2}"
EndProject
Project("{FAE04EC0-301F-11D3-BF4B-00C04F79EFBC}") = "MKY.IO.Usb.Demo", "MKY\MKY.IO.Usb.Demo\MKY.IO.Usb.Demo.csproj", "{55647A42-640F-4D93-AFA3-72393D101DBA}"
EndProject
Project("{FAE04EC0-301F-11D3-BF4B-00C04F79EFBC}") = "MKY.IO.Usb.Test", "MKY\MKY.IO.Usb.Test\MKY.IO.Usb.Test.csproj", "{E909B6F9-F856-4ED5-8D8F-6E77BC02C24C}"
EndProject
Project("{FAE04EC0-301F-11D3-BF4B-00C04F79EFBC}") = "MKY.Net.Test", "MKY\MKY.Net.Test\MKY.Net.Test.csproj", "{EA8A738E-BA58-4AC2-9FE5-61EA851098A4}"
EndProject
Project("{FAE04EC0-301F-11D3-BF4B-00C04F79EFBC}") = "MKY.Win32", "MKY\MKY.Win32\MKY.Win32.csproj", "{877BAA28-C2A6-41EC-BEDE-27B396FA8E20}"
EndProject
Project("{FAE04EC0-301F-11D3-BF4B-00C04F79EFBC}") = "MKY.Win32.Test", "MKY\MKY.Win32.Test\MKY.Win32.Test.csproj", "{B5F4667B-5154-45C0-A0DE-411BBC292049}"
EndProject
Project("{FAE04EC0-301F-11D3-BF4B-00C04F79EFBC}") = "MKY.Windows.Forms", "MKY\MKY.Windows.Forms\MKY.Windows.Forms.csproj", "{CB2E6173-CB9F-4FB4-8948-30D04D4BAE50}"
EndProject
Project("{FAE04EC0-301F-11D3-BF4B-00C04F79EFBC}") = "MKY.Windows.Forms.Test", "MKY\MKY.Windows.Forms.Test\MKY.Windows.Forms.Test.csproj", "{4171BFD3-4E50-4752-977B-9B1F79C3EDFB}"
EndProject
Project("{2150E333-8FDC-42A3-9474-1A3956D46DE8}") = "NUnit", "NUnit", "{3772E0E6-CACC-4C35-9026-60E65764BE41}"
	ProjectSection(SolutionItems) = preProject
		NUnit\NUnit.Version.cs = NUnit\NUnit.Version.cs
	EndProjectSection
EndProject
Project("{FAE04EC0-301F-11D3-BF4B-00C04F79EFBC}") = "NUnit", "NUnit\NUnit\NUnit.csproj", "{F7BFF679-5389-434C-81E4-7EE8530DF954}"
EndProject
Project("{2150E333-8FDC-42A3-9474-1A3956D46DE8}") = "YAT", "YAT", "{3A9BAAD8-3A80-4D3A-92C0-E6E33B5307C0}"
	ProjectSection(SolutionItems) = preProject
		YAT\YAT.Version.cs = YAT\YAT.Version.cs
	EndProjectSection
EndProject
Project("{2150E333-8FDC-42A3-9474-1A3956D46DE8}") = "!-Doc.Project", "!-Doc.Project", "{554310BE-A8B8-4E36-A38F-5974739CEC6C}"
EndProject
Project("{2150E333-8FDC-42A3-9474-1A3956D46DE8}") = "6 - Release", "6 - Release", "{3A3C9EBD-9F6E-424C-ABEF-2B26CEC477F5}"
	ProjectSection(SolutionItems) = preProject
		YAT\!-Doc.Project\6 - Release\HowToRelease.txt = YAT\!-Doc.Project\6 - Release\HowToRelease.txt
		YAT\!-Doc.Project\6 - Release\HowToUploadDistributionToSourcForge.txt = YAT\!-Doc.Project\6 - Release\HowToUploadDistributionToSourcForge.txt
		YAT\!-Doc.Project\6 - Release\MailingTemplates.txt = YAT\!-Doc.Project\6 - Release\MailingTemplates.txt
	EndProjectSection
EndProject
Project("{2150E333-8FDC-42A3-9474-1A3956D46DE8}") = "!-Doc.SourceForge", "!-Doc.SourceForge", "{E8A8F664-6F72-4139-A7B1-BB950EEC20AC}"
	ProjectSection(SolutionItems) = preProject
		YAT\!-Doc.SourceForge\Description.txt = YAT\!-Doc.SourceForge\Description.txt
		YAT\!-Doc.SourceForge\HowToSetupSubversion.html = YAT\!-Doc.SourceForge\HowToSetupSubversion.html
		YAT\!-Doc.SourceForge\RelatedTools.html = YAT\!-Doc.SourceForge\RelatedTools.html
		YAT\!-Doc.SourceForge\ToolsAndVersions.html = YAT\!-Doc.SourceForge\ToolsAndVersions.html
	EndProjectSection
EndProject
Project("{2150E333-8FDC-42A3-9474-1A3956D46DE8}") = "!-Doc.User", "!-Doc.User", "{ABECE297-BF82-4016-93F9-DF7204BA05F5}"
	ProjectSection(SolutionItems) = preProject
		YAT\!-Doc.User\YAT Release Notes.txt = YAT\!-Doc.User\YAT Release Notes.txt
	EndProjectSection
EndProject
Project("{FAE04EC0-301F-11D3-BF4B-00C04F79EFBC}") = "YAT", "YAT\YAT\YAT.csproj", "{E87405A5-8FB0-4CE0-9946-3A08205B5DE0}"
EndProject
Project("{FAE04EC0-301F-11D3-BF4B-00C04F79EFBC}") = "YAT.Controller", "YAT\YAT.Controller\YAT.Controller.csproj", "{D639409C-0B93-494B-9A01-4FE79686FAD6}"
EndProject
Project("{FAE04EC0-301F-11D3-BF4B-00C04F79EFBC}") = "YAT.Controller.Test", "YAT\YAT.Controller.Test\YAT.Controller.Test.csproj", "{7585E865-B3AA-4D73-BAC0-D0C4B25D2CF0}"
EndProject
Project("{FAE04EC0-301F-11D3-BF4B-00C04F79EFBC}") = "YAT.Domain", "YAT\YAT.Domain\YAT.Domain.csproj", "{1C44A8C0-7805-4172-8746-2DB750803FFF}"
EndProject
Project("{FAE04EC0-301F-11D3-BF4B-00C04F79EFBC}") = "YAT.Domain.Test", "YAT\YAT.Domain.Test\YAT.Domain.Test.csproj", "{7CA209C1-B1A8-43E0-BBFB-79EDA186CE62}"
EndProject
Project("{FAE04EC0-301F-11D3-BF4B-00C04F79EFBC}") = "YAT.Gui.Controls", "YAT\YAT.Gui.Controls\YAT.Gui.Controls.csproj", "{0762E929-7EB5-4BDA-9018-DBA94DA8BDE5}"
EndProject
Project("{FAE04EC0-301F-11D3-BF4B-00C04F79EFBC}") = "YAT.Gui.Forms", "YAT\YAT.Gui.Forms\YAT.Gui.Forms.csproj", "{A1060959-580E-4493-BA51-4A3A7CDE1E88}"
EndProject
Project("{FAE04EC0-301F-11D3-BF4B-00C04F79EFBC}") = "YAT.Gui.Test", "YAT\YAT.Gui.Test\YAT.Gui.Test.csproj", "{B1FA3C03-5924-47FF-90AD-D5D38027DF0C}"
EndProject
Project("{FAE04EC0-301F-11D3-BF4B-00C04F79EFBC}") = "YAT.Gui.Utilities", "YAT\YAT.Gui.Utilities\YAT.Gui.Utilities.csproj", "{F0C24AC7-9A75-4898-AA3C-11711FD5C19C}"
EndProject
Project("{FAE04EC0-301F-11D3-BF4B-00C04F79EFBC}") = "YAT.Log", "YAT\YAT.Log\YAT.Log.csproj", "{7B0B343D-F992-4A1E-8E07-CB8EC651A5E6}"
EndProject
Project("{FAE04EC0-301F-11D3-BF4B-00C04F79EFBC}") = "YAT.Model", "YAT\YAT.Model\YAT.Model.csproj", "{93A4CA8C-A158-4994-AB07-9577BDAE6F9B}"
EndProject
Project("{FAE04EC0-301F-11D3-BF4B-00C04F79EFBC}") = "YAT.Model.Settings", "YAT\YAT.Model.Settings\YAT.Model.Settings.csproj", "{E9FF1D5E-84E0-4ADB-94EC-662903931295}"
EndProject
Project("{FAE04EC0-301F-11D3-BF4B-00C04F79EFBC}") = "YAT.Model.Test", "YAT\YAT.Model.Test\YAT.Model.Test.csproj", "{AD1EB9BA-AD7F-406A-810C-FE0A0ED1E819}"
EndProject
Project("{FAE04EC0-301F-11D3-BF4B-00C04F79EFBC}") = "YAT.Model.Types", "YAT\YAT.Model.Types\YAT.Model.Types.csproj", "{651BA67D-9B00-4245-9C99-481F20273A62}"
EndProject
Project("{FAE04EC0-301F-11D3-BF4B-00C04F79EFBC}") = "YAT.Model.Utilities", "YAT\YAT.Model.Utilities\YAT.Model.Utilities.csproj", "{7A7D2DB5-90CC-4BF0-9C80-FA7B8F6AAC74}"
EndProject
Project("{FAE04EC0-301F-11D3-BF4B-00C04F79EFBC}") = "YAT.Settings", "YAT\YAT.Settings\YAT.Settings.csproj", "{A3E80010-9146-47EF-87B0-138A60406A9E}"
EndProject
Project("{FAE04EC0-301F-11D3-BF4B-00C04F79EFBC}") = "YAT.Settings.Application", "YAT\YAT.Settings.Application\YAT.Settings.Application.csproj", "{69A8CBB4-7D00-4A3D-9CF7-220DD02C2EB7}"
EndProject
Project("{FAE04EC0-301F-11D3-BF4B-00C04F79EFBC}") = "YAT.Settings.Terminal", "YAT\YAT.Settings.Terminal\YAT.Settings.Terminal.csproj", "{FE2D334F-B2D8-4A07-B63D-93BA775DBBCF}"
EndProject
Project("{FAE04EC0-301F-11D3-BF4B-00C04F79EFBC}") = "YAT.Settings.Test", "YAT\YAT.Settings.Test\YAT.Settings.Test.csproj", "{306722B1-7554-46FD-A8BE-99185753CD51}"
EndProject
Project("{FAE04EC0-301F-11D3-BF4B-00C04F79EFBC}") = "YAT.Settings.Workspace", "YAT\YAT.Settings.Workspace\YAT.Settings.Workspace.csproj", "{942BA759-57F9-4213-BDC8-E9A8325631B0}"
EndProject
Project("{FAE04EC0-301F-11D3-BF4B-00C04F79EFBC}") = "YAT.Test", "YAT\YAT.Test\YAT.Test.csproj", "{1E91D8B1-CFE6-4914-BDCF-AA204773CECA}"
EndProject
Project("{FAE04EC0-301F-11D3-BF4B-00C04F79EFBC}") = "YAT.Utilities", "YAT\YAT.Utilities\YAT.Utilities.csproj", "{5E374FF3-3CE6-4FD2-B41C-679329FF05A5}"
EndProject
Project("{54435603-DBB4-11D2-8724-00A0C9A8B90C}") = "YAT.Setup", "YAT\YAT.Setup\YAT.Setup.vdproj", "{F46DFE27-1F74-4558-AD39-E7EA74822483}"
EndProject
Global
	GlobalSection(SubversionScc) = preSolution
		Svn-Managed = True
		Manager = AnkhSVN - Subversion Support for Visual Studio
	EndGlobalSection
	GlobalSection(SolutionConfigurationPlatforms) = preSolution
		Debug Test|Any CPU = Debug Test|Any CPU
		Debug|Any CPU = Debug|Any CPU
		Release Test|Any CPU = Release Test|Any CPU
		Release with Prerequisites|Any CPU = Release with Prerequisites|Any CPU
		Release|Any CPU = Release|Any CPU
	EndGlobalSection
	GlobalSection(ProjectConfigurationPlatforms) = postSolution
		{FA1EF4FC-2FC7-4B29-9EAB-2872593C89E2}.Debug Test|Any CPU.ActiveCfg = Debug|Any CPU
		{FA1EF4FC-2FC7-4B29-9EAB-2872593C89E2}.Debug Test|Any CPU.Build.0 = Debug|Any CPU
		{FA1EF4FC-2FC7-4B29-9EAB-2872593C89E2}.Debug|Any CPU.ActiveCfg = Debug|Any CPU
		{FA1EF4FC-2FC7-4B29-9EAB-2872593C89E2}.Debug|Any CPU.Build.0 = Debug|Any CPU
		{FA1EF4FC-2FC7-4B29-9EAB-2872593C89E2}.Release Test|Any CPU.ActiveCfg = Release|Any CPU
		{FA1EF4FC-2FC7-4B29-9EAB-2872593C89E2}.Release Test|Any CPU.Build.0 = Release|Any CPU
		{FA1EF4FC-2FC7-4B29-9EAB-2872593C89E2}.Release with Prerequisites|Any CPU.ActiveCfg = Release|Any CPU
		{FA1EF4FC-2FC7-4B29-9EAB-2872593C89E2}.Release with Prerequisites|Any CPU.Build.0 = Release|Any CPU
		{FA1EF4FC-2FC7-4B29-9EAB-2872593C89E2}.Release|Any CPU.ActiveCfg = Release|Any CPU
		{FA1EF4FC-2FC7-4B29-9EAB-2872593C89E2}.Release|Any CPU.Build.0 = Release|Any CPU
		{25162422-3B32-4FB3-8A99-6BCFBE30D9AE}.Debug Test|Any CPU.ActiveCfg = Debug|Any CPU
		{25162422-3B32-4FB3-8A99-6BCFBE30D9AE}.Debug Test|Any CPU.Build.0 = Debug|Any CPU
		{25162422-3B32-4FB3-8A99-6BCFBE30D9AE}.Debug|Any CPU.ActiveCfg = Debug|Any CPU
		{25162422-3B32-4FB3-8A99-6BCFBE30D9AE}.Debug|Any CPU.Build.0 = Debug|Any CPU
		{25162422-3B32-4FB3-8A99-6BCFBE30D9AE}.Release Test|Any CPU.ActiveCfg = Release|Any CPU
		{25162422-3B32-4FB3-8A99-6BCFBE30D9AE}.Release Test|Any CPU.Build.0 = Release|Any CPU
		{25162422-3B32-4FB3-8A99-6BCFBE30D9AE}.Release with Prerequisites|Any CPU.ActiveCfg = Release|Any CPU
		{25162422-3B32-4FB3-8A99-6BCFBE30D9AE}.Release with Prerequisites|Any CPU.Build.0 = Release|Any CPU
		{25162422-3B32-4FB3-8A99-6BCFBE30D9AE}.Release|Any CPU.ActiveCfg = Release|Any CPU
		{25162422-3B32-4FB3-8A99-6BCFBE30D9AE}.Release|Any CPU.Build.0 = Release|Any CPU
		{F489B948-95CF-49FE-B9AA-A51654F5688B}.Debug Test|Any CPU.ActiveCfg = Debug|Any CPU
		{F489B948-95CF-49FE-B9AA-A51654F5688B}.Debug Test|Any CPU.Build.0 = Debug|Any CPU
		{F489B948-95CF-49FE-B9AA-A51654F5688B}.Debug|Any CPU.ActiveCfg = Debug|Any CPU
		{F489B948-95CF-49FE-B9AA-A51654F5688B}.Debug|Any CPU.Build.0 = Debug|Any CPU
		{F489B948-95CF-49FE-B9AA-A51654F5688B}.Release Test|Any CPU.ActiveCfg = Release|Any CPU
		{F489B948-95CF-49FE-B9AA-A51654F5688B}.Release Test|Any CPU.Build.0 = Release|Any CPU
		{F489B948-95CF-49FE-B9AA-A51654F5688B}.Release with Prerequisites|Any CPU.ActiveCfg = Release|Any CPU
		{F489B948-95CF-49FE-B9AA-A51654F5688B}.Release with Prerequisites|Any CPU.Build.0 = Release|Any CPU
		{F489B948-95CF-49FE-B9AA-A51654F5688B}.Release|Any CPU.ActiveCfg = Release|Any CPU
		{F489B948-95CF-49FE-B9AA-A51654F5688B}.Release|Any CPU.Build.0 = Release|Any CPU
		{644F7C29-CCE6-4827-9EF2-8B7D34194101}.Debug Test|Any CPU.ActiveCfg = Debug|Any CPU
		{644F7C29-CCE6-4827-9EF2-8B7D34194101}.Debug Test|Any CPU.Build.0 = Debug|Any CPU
		{644F7C29-CCE6-4827-9EF2-8B7D34194101}.Debug|Any CPU.ActiveCfg = Debug|Any CPU
		{644F7C29-CCE6-4827-9EF2-8B7D34194101}.Release Test|Any CPU.ActiveCfg = Release|Any CPU
		{644F7C29-CCE6-4827-9EF2-8B7D34194101}.Release Test|Any CPU.Build.0 = Release|Any CPU
		{644F7C29-CCE6-4827-9EF2-8B7D34194101}.Release with Prerequisites|Any CPU.ActiveCfg = Release|Any CPU
		{644F7C29-CCE6-4827-9EF2-8B7D34194101}.Release|Any CPU.ActiveCfg = Release|Any CPU
		{D8940035-D30A-48A3-AC28-E8A4B8910CB9}.Debug Test|Any CPU.ActiveCfg = Debug|Any CPU
		{D8940035-D30A-48A3-AC28-E8A4B8910CB9}.Debug Test|Any CPU.Build.0 = Debug|Any CPU
		{D8940035-D30A-48A3-AC28-E8A4B8910CB9}.Debug|Any CPU.ActiveCfg = Debug|Any CPU
		{D8940035-D30A-48A3-AC28-E8A4B8910CB9}.Debug|Any CPU.Build.0 = Debug|Any CPU
		{D8940035-D30A-48A3-AC28-E8A4B8910CB9}.Release Test|Any CPU.ActiveCfg = Release|Any CPU
		{D8940035-D30A-48A3-AC28-E8A4B8910CB9}.Release Test|Any CPU.Build.0 = Release|Any CPU
		{D8940035-D30A-48A3-AC28-E8A4B8910CB9}.Release with Prerequisites|Any CPU.ActiveCfg = Release|Any CPU
		{D8940035-D30A-48A3-AC28-E8A4B8910CB9}.Release with Prerequisites|Any CPU.Build.0 = Release|Any CPU
		{D8940035-D30A-48A3-AC28-E8A4B8910CB9}.Release|Any CPU.ActiveCfg = Release|Any CPU
		{D8940035-D30A-48A3-AC28-E8A4B8910CB9}.Release|Any CPU.Build.0 = Release|Any CPU
		{82461541-B351-4913-9747-EAFEE2322768}.Debug Test|Any CPU.ActiveCfg = Debug|Any CPU
		{82461541-B351-4913-9747-EAFEE2322768}.Debug Test|Any CPU.Build.0 = Debug|Any CPU
		{82461541-B351-4913-9747-EAFEE2322768}.Debug|Any CPU.ActiveCfg = Debug|Any CPU
		{82461541-B351-4913-9747-EAFEE2322768}.Release Test|Any CPU.ActiveCfg = Release|Any CPU
		{82461541-B351-4913-9747-EAFEE2322768}.Release Test|Any CPU.Build.0 = Release|Any CPU
		{82461541-B351-4913-9747-EAFEE2322768}.Release with Prerequisites|Any CPU.ActiveCfg = Release|Any CPU
		{82461541-B351-4913-9747-EAFEE2322768}.Release|Any CPU.ActiveCfg = Release|Any CPU
		{E3A19532-D12A-4A90-B7F3-637A0A8FA6BD}.Debug Test|Any CPU.ActiveCfg = Debug|Any CPU
		{E3A19532-D12A-4A90-B7F3-637A0A8FA6BD}.Debug Test|Any CPU.Build.0 = Debug|Any CPU
		{E3A19532-D12A-4A90-B7F3-637A0A8FA6BD}.Debug|Any CPU.ActiveCfg = Debug|Any CPU
		{E3A19532-D12A-4A90-B7F3-637A0A8FA6BD}.Debug|Any CPU.Build.0 = Debug|Any CPU
		{E3A19532-D12A-4A90-B7F3-637A0A8FA6BD}.Release Test|Any CPU.ActiveCfg = Release|Any CPU
		{E3A19532-D12A-4A90-B7F3-637A0A8FA6BD}.Release Test|Any CPU.Build.0 = Release|Any CPU
		{E3A19532-D12A-4A90-B7F3-637A0A8FA6BD}.Release with Prerequisites|Any CPU.ActiveCfg = Release|Any CPU
		{E3A19532-D12A-4A90-B7F3-637A0A8FA6BD}.Release with Prerequisites|Any CPU.Build.0 = Release|Any CPU
		{E3A19532-D12A-4A90-B7F3-637A0A8FA6BD}.Release|Any CPU.ActiveCfg = Release|Any CPU
		{E3A19532-D12A-4A90-B7F3-637A0A8FA6BD}.Release|Any CPU.Build.0 = Release|Any CPU
		{CAEC3FFA-F303-4CCB-A42A-36F45AA00BD2}.Debug Test|Any CPU.ActiveCfg = Debug|Any CPU
		{CAEC3FFA-F303-4CCB-A42A-36F45AA00BD2}.Debug Test|Any CPU.Build.0 = Debug|Any CPU
		{CAEC3FFA-F303-4CCB-A42A-36F45AA00BD2}.Debug|Any CPU.ActiveCfg = Debug|Any CPU
		{CAEC3FFA-F303-4CCB-A42A-36F45AA00BD2}.Release Test|Any CPU.ActiveCfg = Release|Any CPU
		{CAEC3FFA-F303-4CCB-A42A-36F45AA00BD2}.Release Test|Any CPU.Build.0 = Release|Any CPU
		{CAEC3FFA-F303-4CCB-A42A-36F45AA00BD2}.Release with Prerequisites|Any CPU.ActiveCfg = Release|Any CPU
		{CAEC3FFA-F303-4CCB-A42A-36F45AA00BD2}.Release|Any CPU.ActiveCfg = Release|Any CPU
		{1B657329-940D-4AA1-9768-431288B555E2}.Debug Test|Any CPU.ActiveCfg = Debug|Any CPU
		{1B657329-940D-4AA1-9768-431288B555E2}.Debug Test|Any CPU.Build.0 = Debug|Any CPU
		{1B657329-940D-4AA1-9768-431288B555E2}.Debug|Any CPU.ActiveCfg = Debug|Any CPU
		{1B657329-940D-4AA1-9768-431288B555E2}.Debug|Any CPU.Build.0 = Debug|Any CPU
		{1B657329-940D-4AA1-9768-431288B555E2}.Release Test|Any CPU.ActiveCfg = Release|Any CPU
		{1B657329-940D-4AA1-9768-431288B555E2}.Release Test|Any CPU.Build.0 = Release|Any CPU
		{1B657329-940D-4AA1-9768-431288B555E2}.Release with Prerequisites|Any CPU.ActiveCfg = Release|Any CPU
		{1B657329-940D-4AA1-9768-431288B555E2}.Release with Prerequisites|Any CPU.Build.0 = Release|Any CPU
		{1B657329-940D-4AA1-9768-431288B555E2}.Release|Any CPU.ActiveCfg = Release|Any CPU
		{1B657329-940D-4AA1-9768-431288B555E2}.Release|Any CPU.Build.0 = Release|Any CPU
		{55647A42-640F-4D93-AFA3-72393D101DBA}.Debug Test|Any CPU.ActiveCfg = Debug|Any CPU
		{55647A42-640F-4D93-AFA3-72393D101DBA}.Debug Test|Any CPU.Build.0 = Debug|Any CPU
		{55647A42-640F-4D93-AFA3-72393D101DBA}.Debug|Any CPU.ActiveCfg = Debug|Any CPU
		{55647A42-640F-4D93-AFA3-72393D101DBA}.Release Test|Any CPU.ActiveCfg = Release|Any CPU
		{55647A42-640F-4D93-AFA3-72393D101DBA}.Release Test|Any CPU.Build.0 = Release|Any CPU
		{55647A42-640F-4D93-AFA3-72393D101DBA}.Release with Prerequisites|Any CPU.ActiveCfg = Release|Any CPU
		{55647A42-640F-4D93-AFA3-72393D101DBA}.Release|Any CPU.ActiveCfg = Release|Any CPU
		{E909B6F9-F856-4ED5-8D8F-6E77BC02C24C}.Debug Test|Any CPU.ActiveCfg = Debug|Any CPU
		{E909B6F9-F856-4ED5-8D8F-6E77BC02C24C}.Debug Test|Any CPU.Build.0 = Debug|Any CPU
		{E909B6F9-F856-4ED5-8D8F-6E77BC02C24C}.Debug|Any CPU.ActiveCfg = Debug|Any CPU
		{E909B6F9-F856-4ED5-8D8F-6E77BC02C24C}.Release Test|Any CPU.ActiveCfg = Release|Any CPU
		{E909B6F9-F856-4ED5-8D8F-6E77BC02C24C}.Release Test|Any CPU.Build.0 = Release|Any CPU
		{E909B6F9-F856-4ED5-8D8F-6E77BC02C24C}.Release with Prerequisites|Any CPU.ActiveCfg = Release|Any CPU
		{E909B6F9-F856-4ED5-8D8F-6E77BC02C24C}.Release|Any CPU.ActiveCfg = Release|Any CPU
		{EA8A738E-BA58-4AC2-9FE5-61EA851098A4}.Debug Test|Any CPU.ActiveCfg = Debug|Any CPU
		{EA8A738E-BA58-4AC2-9FE5-61EA851098A4}.Debug Test|Any CPU.Build.0 = Debug|Any CPU
		{EA8A738E-BA58-4AC2-9FE5-61EA851098A4}.Debug|Any CPU.ActiveCfg = Debug|Any CPU
		{EA8A738E-BA58-4AC2-9FE5-61EA851098A4}.Release Test|Any CPU.ActiveCfg = Release|Any CPU
		{EA8A738E-BA58-4AC2-9FE5-61EA851098A4}.Release Test|Any CPU.Build.0 = Release|Any CPU
		{EA8A738E-BA58-4AC2-9FE5-61EA851098A4}.Release with Prerequisites|Any CPU.ActiveCfg = Release|Any CPU
		{EA8A738E-BA58-4AC2-9FE5-61EA851098A4}.Release|Any CPU.ActiveCfg = Release|Any CPU
		{877BAA28-C2A6-41EC-BEDE-27B396FA8E20}.Debug Test|Any CPU.ActiveCfg = Debug|Any CPU
		{877BAA28-C2A6-41EC-BEDE-27B396FA8E20}.Debug Test|Any CPU.Build.0 = Debug|Any CPU
		{877BAA28-C2A6-41EC-BEDE-27B396FA8E20}.Debug|Any CPU.ActiveCfg = Debug|Any CPU
		{877BAA28-C2A6-41EC-BEDE-27B396FA8E20}.Debug|Any CPU.Build.0 = Debug|Any CPU
		{877BAA28-C2A6-41EC-BEDE-27B396FA8E20}.Release Test|Any CPU.ActiveCfg = Release|Any CPU
		{877BAA28-C2A6-41EC-BEDE-27B396FA8E20}.Release Test|Any CPU.Build.0 = Release|Any CPU
		{877BAA28-C2A6-41EC-BEDE-27B396FA8E20}.Release with Prerequisites|Any CPU.ActiveCfg = Release|Any CPU
		{877BAA28-C2A6-41EC-BEDE-27B396FA8E20}.Release with Prerequisites|Any CPU.Build.0 = Release|Any CPU
		{877BAA28-C2A6-41EC-BEDE-27B396FA8E20}.Release|Any CPU.ActiveCfg = Release|Any CPU
		{877BAA28-C2A6-41EC-BEDE-27B396FA8E20}.Release|Any CPU.Build.0 = Release|Any CPU
		{B5F4667B-5154-45C0-A0DE-411BBC292049}.Debug Test|Any CPU.ActiveCfg = Debug|Any CPU
		{B5F4667B-5154-45C0-A0DE-411BBC292049}.Debug Test|Any CPU.Build.0 = Debug|Any CPU
		{B5F4667B-5154-45C0-A0DE-411BBC292049}.Debug|Any CPU.ActiveCfg = Debug|Any CPU
		{B5F4667B-5154-45C0-A0DE-411BBC292049}.Release Test|Any CPU.ActiveCfg = Release|Any CPU
		{B5F4667B-5154-45C0-A0DE-411BBC292049}.Release Test|Any CPU.Build.0 = Release|Any CPU
		{B5F4667B-5154-45C0-A0DE-411BBC292049}.Release with Prerequisites|Any CPU.ActiveCfg = Release|Any CPU
		{B5F4667B-5154-45C0-A0DE-411BBC292049}.Release|Any CPU.ActiveCfg = Release|Any CPU
		{CB2E6173-CB9F-4FB4-8948-30D04D4BAE50}.Debug Test|Any CPU.ActiveCfg = Debug|Any CPU
		{CB2E6173-CB9F-4FB4-8948-30D04D4BAE50}.Debug Test|Any CPU.Build.0 = Debug|Any CPU
		{CB2E6173-CB9F-4FB4-8948-30D04D4BAE50}.Debug|Any CPU.ActiveCfg = Debug|Any CPU
		{CB2E6173-CB9F-4FB4-8948-30D04D4BAE50}.Debug|Any CPU.Build.0 = Debug|Any CPU
		{CB2E6173-CB9F-4FB4-8948-30D04D4BAE50}.Release Test|Any CPU.ActiveCfg = Release|Any CPU
		{CB2E6173-CB9F-4FB4-8948-30D04D4BAE50}.Release Test|Any CPU.Build.0 = Release|Any CPU
		{CB2E6173-CB9F-4FB4-8948-30D04D4BAE50}.Release with Prerequisites|Any CPU.ActiveCfg = Release|Any CPU
		{CB2E6173-CB9F-4FB4-8948-30D04D4BAE50}.Release with Prerequisites|Any CPU.Build.0 = Release|Any CPU
		{CB2E6173-CB9F-4FB4-8948-30D04D4BAE50}.Release|Any CPU.ActiveCfg = Release|Any CPU
		{CB2E6173-CB9F-4FB4-8948-30D04D4BAE50}.Release|Any CPU.Build.0 = Release|Any CPU
		{4171BFD3-4E50-4752-977B-9B1F79C3EDFB}.Debug Test|Any CPU.ActiveCfg = Debug|Any CPU
		{4171BFD3-4E50-4752-977B-9B1F79C3EDFB}.Debug Test|Any CPU.Build.0 = Debug|Any CPU
		{4171BFD3-4E50-4752-977B-9B1F79C3EDFB}.Debug|Any CPU.ActiveCfg = Debug|Any CPU
		{4171BFD3-4E50-4752-977B-9B1F79C3EDFB}.Release Test|Any CPU.ActiveCfg = Release|Any CPU
		{4171BFD3-4E50-4752-977B-9B1F79C3EDFB}.Release Test|Any CPU.Build.0 = Release|Any CPU
		{4171BFD3-4E50-4752-977B-9B1F79C3EDFB}.Release with Prerequisites|Any CPU.ActiveCfg = Release|Any CPU
		{4171BFD3-4E50-4752-977B-9B1F79C3EDFB}.Release|Any CPU.ActiveCfg = Release|Any CPU
		{F7BFF679-5389-434C-81E4-7EE8530DF954}.Debug Test|Any CPU.ActiveCfg = Debug|Any CPU
		{F7BFF679-5389-434C-81E4-7EE8530DF954}.Debug Test|Any CPU.Build.0 = Debug|Any CPU
		{F7BFF679-5389-434C-81E4-7EE8530DF954}.Debug|Any CPU.ActiveCfg = Debug|Any CPU
		{F7BFF679-5389-434C-81E4-7EE8530DF954}.Release Test|Any CPU.ActiveCfg = Release|Any CPU
		{F7BFF679-5389-434C-81E4-7EE8530DF954}.Release Test|Any CPU.Build.0 = Release|Any CPU
		{F7BFF679-5389-434C-81E4-7EE8530DF954}.Release with Prerequisites|Any CPU.ActiveCfg = Release|Any CPU
		{F7BFF679-5389-434C-81E4-7EE8530DF954}.Release|Any CPU.ActiveCfg = Release|Any CPU
		{E87405A5-8FB0-4CE0-9946-3A08205B5DE0}.Debug Test|Any CPU.ActiveCfg = Debug|Any CPU
		{E87405A5-8FB0-4CE0-9946-3A08205B5DE0}.Debug Test|Any CPU.Build.0 = Debug|Any CPU
		{E87405A5-8FB0-4CE0-9946-3A08205B5DE0}.Debug|Any CPU.ActiveCfg = Debug|Any CPU
		{E87405A5-8FB0-4CE0-9946-3A08205B5DE0}.Debug|Any CPU.Build.0 = Debug|Any CPU
		{E87405A5-8FB0-4CE0-9946-3A08205B5DE0}.Release Test|Any CPU.ActiveCfg = Release|Any CPU
		{E87405A5-8FB0-4CE0-9946-3A08205B5DE0}.Release Test|Any CPU.Build.0 = Release|Any CPU
		{E87405A5-8FB0-4CE0-9946-3A08205B5DE0}.Release with Prerequisites|Any CPU.ActiveCfg = Release|Any CPU
		{E87405A5-8FB0-4CE0-9946-3A08205B5DE0}.Release with Prerequisites|Any CPU.Build.0 = Release|Any CPU
		{E87405A5-8FB0-4CE0-9946-3A08205B5DE0}.Release|Any CPU.ActiveCfg = Release|Any CPU
		{E87405A5-8FB0-4CE0-9946-3A08205B5DE0}.Release|Any CPU.Build.0 = Release|Any CPU
		{D639409C-0B93-494B-9A01-4FE79686FAD6}.Debug Test|Any CPU.ActiveCfg = Debug|Any CPU
		{D639409C-0B93-494B-9A01-4FE79686FAD6}.Debug Test|Any CPU.Build.0 = Debug|Any CPU
		{D639409C-0B93-494B-9A01-4FE79686FAD6}.Debug|Any CPU.ActiveCfg = Debug|Any CPU
		{D639409C-0B93-494B-9A01-4FE79686FAD6}.Debug|Any CPU.Build.0 = Debug|Any CPU
		{D639409C-0B93-494B-9A01-4FE79686FAD6}.Release Test|Any CPU.ActiveCfg = Release|Any CPU
		{D639409C-0B93-494B-9A01-4FE79686FAD6}.Release Test|Any CPU.Build.0 = Release|Any CPU
		{D639409C-0B93-494B-9A01-4FE79686FAD6}.Release with Prerequisites|Any CPU.ActiveCfg = Release|Any CPU
		{D639409C-0B93-494B-9A01-4FE79686FAD6}.Release with Prerequisites|Any CPU.Build.0 = Release|Any CPU
		{D639409C-0B93-494B-9A01-4FE79686FAD6}.Release|Any CPU.ActiveCfg = Release|Any CPU
		{D639409C-0B93-494B-9A01-4FE79686FAD6}.Release|Any CPU.Build.0 = Release|Any CPU
		{7585E865-B3AA-4D73-BAC0-D0C4B25D2CF0}.Debug Test|Any CPU.ActiveCfg = Debug|Any CPU
		{7585E865-B3AA-4D73-BAC0-D0C4B25D2CF0}.Debug Test|Any CPU.Build.0 = Debug|Any CPU
		{7585E865-B3AA-4D73-BAC0-D0C4B25D2CF0}.Debug|Any CPU.ActiveCfg = Debug|Any CPU
		{7585E865-B3AA-4D73-BAC0-D0C4B25D2CF0}.Release Test|Any CPU.ActiveCfg = Release|Any CPU
		{7585E865-B3AA-4D73-BAC0-D0C4B25D2CF0}.Release Test|Any CPU.Build.0 = Release|Any CPU
		{7585E865-B3AA-4D73-BAC0-D0C4B25D2CF0}.Release with Prerequisites|Any CPU.ActiveCfg = Release|Any CPU
		{7585E865-B3AA-4D73-BAC0-D0C4B25D2CF0}.Release|Any CPU.ActiveCfg = Release|Any CPU
		{1C44A8C0-7805-4172-8746-2DB750803FFF}.Debug Test|Any CPU.ActiveCfg = Debug|Any CPU
		{1C44A8C0-7805-4172-8746-2DB750803FFF}.Debug Test|Any CPU.Build.0 = Debug|Any CPU
		{1C44A8C0-7805-4172-8746-2DB750803FFF}.Debug|Any CPU.ActiveCfg = Debug|Any CPU
		{1C44A8C0-7805-4172-8746-2DB750803FFF}.Debug|Any CPU.Build.0 = Debug|Any CPU
		{1C44A8C0-7805-4172-8746-2DB750803FFF}.Release Test|Any CPU.ActiveCfg = Release|Any CPU
		{1C44A8C0-7805-4172-8746-2DB750803FFF}.Release Test|Any CPU.Build.0 = Release|Any CPU
		{1C44A8C0-7805-4172-8746-2DB750803FFF}.Release with Prerequisites|Any CPU.ActiveCfg = Release|Any CPU
		{1C44A8C0-7805-4172-8746-2DB750803FFF}.Release with Prerequisites|Any CPU.Build.0 = Release|Any CPU
		{1C44A8C0-7805-4172-8746-2DB750803FFF}.Release|Any CPU.ActiveCfg = Release|Any CPU
		{1C44A8C0-7805-4172-8746-2DB750803FFF}.Release|Any CPU.Build.0 = Release|Any CPU
		{7CA209C1-B1A8-43E0-BBFB-79EDA186CE62}.Debug Test|Any CPU.ActiveCfg = Debug|Any CPU
		{7CA209C1-B1A8-43E0-BBFB-79EDA186CE62}.Debug Test|Any CPU.Build.0 = Debug|Any CPU
		{7CA209C1-B1A8-43E0-BBFB-79EDA186CE62}.Debug|Any CPU.ActiveCfg = Debug|Any CPU
		{7CA209C1-B1A8-43E0-BBFB-79EDA186CE62}.Release Test|Any CPU.ActiveCfg = Release|Any CPU
		{7CA209C1-B1A8-43E0-BBFB-79EDA186CE62}.Release Test|Any CPU.Build.0 = Release|Any CPU
		{7CA209C1-B1A8-43E0-BBFB-79EDA186CE62}.Release with Prerequisites|Any CPU.ActiveCfg = Release|Any CPU
		{7CA209C1-B1A8-43E0-BBFB-79EDA186CE62}.Release|Any CPU.ActiveCfg = Release|Any CPU
		{0762E929-7EB5-4BDA-9018-DBA94DA8BDE5}.Debug Test|Any CPU.ActiveCfg = Debug|Any CPU
		{0762E929-7EB5-4BDA-9018-DBA94DA8BDE5}.Debug Test|Any CPU.Build.0 = Debug|Any CPU
		{0762E929-7EB5-4BDA-9018-DBA94DA8BDE5}.Debug|Any CPU.ActiveCfg = Debug|Any CPU
		{0762E929-7EB5-4BDA-9018-DBA94DA8BDE5}.Debug|Any CPU.Build.0 = Debug|Any CPU
		{0762E929-7EB5-4BDA-9018-DBA94DA8BDE5}.Release Test|Any CPU.ActiveCfg = Release|Any CPU
		{0762E929-7EB5-4BDA-9018-DBA94DA8BDE5}.Release Test|Any CPU.Build.0 = Release|Any CPU
		{0762E929-7EB5-4BDA-9018-DBA94DA8BDE5}.Release with Prerequisites|Any CPU.ActiveCfg = Release|Any CPU
		{0762E929-7EB5-4BDA-9018-DBA94DA8BDE5}.Release with Prerequisites|Any CPU.Build.0 = Release|Any CPU
		{0762E929-7EB5-4BDA-9018-DBA94DA8BDE5}.Release|Any CPU.ActiveCfg = Release|Any CPU
		{0762E929-7EB5-4BDA-9018-DBA94DA8BDE5}.Release|Any CPU.Build.0 = Release|Any CPU
		{A1060959-580E-4493-BA51-4A3A7CDE1E88}.Debug Test|Any CPU.ActiveCfg = Debug|Any CPU
		{A1060959-580E-4493-BA51-4A3A7CDE1E88}.Debug Test|Any CPU.Build.0 = Debug|Any CPU
		{A1060959-580E-4493-BA51-4A3A7CDE1E88}.Debug|Any CPU.ActiveCfg = Debug|Any CPU
		{A1060959-580E-4493-BA51-4A3A7CDE1E88}.Debug|Any CPU.Build.0 = Debug|Any CPU
		{A1060959-580E-4493-BA51-4A3A7CDE1E88}.Release Test|Any CPU.ActiveCfg = Release|Any CPU
		{A1060959-580E-4493-BA51-4A3A7CDE1E88}.Release Test|Any CPU.Build.0 = Release|Any CPU
		{A1060959-580E-4493-BA51-4A3A7CDE1E88}.Release with Prerequisites|Any CPU.ActiveCfg = Release|Any CPU
		{A1060959-580E-4493-BA51-4A3A7CDE1E88}.Release with Prerequisites|Any CPU.Build.0 = Release|Any CPU
		{A1060959-580E-4493-BA51-4A3A7CDE1E88}.Release|Any CPU.ActiveCfg = Release|Any CPU
		{A1060959-580E-4493-BA51-4A3A7CDE1E88}.Release|Any CPU.Build.0 = Release|Any CPU
		{B1FA3C03-5924-47FF-90AD-D5D38027DF0C}.Debug Test|Any CPU.ActiveCfg = Debug|Any CPU
		{B1FA3C03-5924-47FF-90AD-D5D38027DF0C}.Debug Test|Any CPU.Build.0 = Debug|Any CPU
		{B1FA3C03-5924-47FF-90AD-D5D38027DF0C}.Debug|Any CPU.ActiveCfg = Debug|Any CPU
		{B1FA3C03-5924-47FF-90AD-D5D38027DF0C}.Release Test|Any CPU.ActiveCfg = Release|Any CPU
		{B1FA3C03-5924-47FF-90AD-D5D38027DF0C}.Release Test|Any CPU.Build.0 = Release|Any CPU
		{B1FA3C03-5924-47FF-90AD-D5D38027DF0C}.Release with Prerequisites|Any CPU.ActiveCfg = Release|Any CPU
		{B1FA3C03-5924-47FF-90AD-D5D38027DF0C}.Release|Any CPU.ActiveCfg = Release|Any CPU
		{F0C24AC7-9A75-4898-AA3C-11711FD5C19C}.Debug Test|Any CPU.ActiveCfg = Debug|Any CPU
		{F0C24AC7-9A75-4898-AA3C-11711FD5C19C}.Debug Test|Any CPU.Build.0 = Debug|Any CPU
		{F0C24AC7-9A75-4898-AA3C-11711FD5C19C}.Debug|Any CPU.ActiveCfg = Debug|Any CPU
		{F0C24AC7-9A75-4898-AA3C-11711FD5C19C}.Debug|Any CPU.Build.0 = Debug|Any CPU
		{F0C24AC7-9A75-4898-AA3C-11711FD5C19C}.Release Test|Any CPU.ActiveCfg = Release|Any CPU
		{F0C24AC7-9A75-4898-AA3C-11711FD5C19C}.Release Test|Any CPU.Build.0 = Release|Any CPU
		{F0C24AC7-9A75-4898-AA3C-11711FD5C19C}.Release with Prerequisites|Any CPU.ActiveCfg = Release|Any CPU
		{F0C24AC7-9A75-4898-AA3C-11711FD5C19C}.Release with Prerequisites|Any CPU.Build.0 = Release|Any CPU
		{F0C24AC7-9A75-4898-AA3C-11711FD5C19C}.Release|Any CPU.ActiveCfg = Release|Any CPU
		{F0C24AC7-9A75-4898-AA3C-11711FD5C19C}.Release|Any CPU.Build.0 = Release|Any CPU
		{7B0B343D-F992-4A1E-8E07-CB8EC651A5E6}.Debug Test|Any CPU.ActiveCfg = Debug|Any CPU
		{7B0B343D-F992-4A1E-8E07-CB8EC651A5E6}.Debug Test|Any CPU.Build.0 = Debug|Any CPU
		{7B0B343D-F992-4A1E-8E07-CB8EC651A5E6}.Debug|Any CPU.ActiveCfg = Debug|Any CPU
		{7B0B343D-F992-4A1E-8E07-CB8EC651A5E6}.Debug|Any CPU.Build.0 = Debug|Any CPU
		{7B0B343D-F992-4A1E-8E07-CB8EC651A5E6}.Release Test|Any CPU.ActiveCfg = Release|Any CPU
		{7B0B343D-F992-4A1E-8E07-CB8EC651A5E6}.Release Test|Any CPU.Build.0 = Release|Any CPU
		{7B0B343D-F992-4A1E-8E07-CB8EC651A5E6}.Release with Prerequisites|Any CPU.ActiveCfg = Release|Any CPU
		{7B0B343D-F992-4A1E-8E07-CB8EC651A5E6}.Release with Prerequisites|Any CPU.Build.0 = Release|Any CPU
		{7B0B343D-F992-4A1E-8E07-CB8EC651A5E6}.Release|Any CPU.ActiveCfg = Release|Any CPU
		{7B0B343D-F992-4A1E-8E07-CB8EC651A5E6}.Release|Any CPU.Build.0 = Release|Any CPU
		{93A4CA8C-A158-4994-AB07-9577BDAE6F9B}.Debug Test|Any CPU.ActiveCfg = Debug|Any CPU
		{93A4CA8C-A158-4994-AB07-9577BDAE6F9B}.Debug Test|Any CPU.Build.0 = Debug|Any CPU
		{93A4CA8C-A158-4994-AB07-9577BDAE6F9B}.Debug|Any CPU.ActiveCfg = Debug|Any CPU
		{93A4CA8C-A158-4994-AB07-9577BDAE6F9B}.Debug|Any CPU.Build.0 = Debug|Any CPU
		{93A4CA8C-A158-4994-AB07-9577BDAE6F9B}.Release Test|Any CPU.ActiveCfg = Release|Any CPU
		{93A4CA8C-A158-4994-AB07-9577BDAE6F9B}.Release Test|Any CPU.Build.0 = Release|Any CPU
		{93A4CA8C-A158-4994-AB07-9577BDAE6F9B}.Release with Prerequisites|Any CPU.ActiveCfg = Release|Any CPU
		{93A4CA8C-A158-4994-AB07-9577BDAE6F9B}.Release with Prerequisites|Any CPU.Build.0 = Release|Any CPU
		{93A4CA8C-A158-4994-AB07-9577BDAE6F9B}.Release|Any CPU.ActiveCfg = Release|Any CPU
		{93A4CA8C-A158-4994-AB07-9577BDAE6F9B}.Release|Any CPU.Build.0 = Release|Any CPU
		{E9FF1D5E-84E0-4ADB-94EC-662903931295}.Debug Test|Any CPU.ActiveCfg = Debug|Any CPU
		{E9FF1D5E-84E0-4ADB-94EC-662903931295}.Debug Test|Any CPU.Build.0 = Debug|Any CPU
		{E9FF1D5E-84E0-4ADB-94EC-662903931295}.Debug|Any CPU.ActiveCfg = Debug|Any CPU
		{E9FF1D5E-84E0-4ADB-94EC-662903931295}.Debug|Any CPU.Build.0 = Debug|Any CPU
		{E9FF1D5E-84E0-4ADB-94EC-662903931295}.Release Test|Any CPU.ActiveCfg = Release|Any CPU
		{E9FF1D5E-84E0-4ADB-94EC-662903931295}.Release Test|Any CPU.Build.0 = Release|Any CPU
		{E9FF1D5E-84E0-4ADB-94EC-662903931295}.Release with Prerequisites|Any CPU.ActiveCfg = Release|Any CPU
		{E9FF1D5E-84E0-4ADB-94EC-662903931295}.Release with Prerequisites|Any CPU.Build.0 = Release|Any CPU
		{E9FF1D5E-84E0-4ADB-94EC-662903931295}.Release|Any CPU.ActiveCfg = Release|Any CPU
		{E9FF1D5E-84E0-4ADB-94EC-662903931295}.Release|Any CPU.Build.0 = Release|Any CPU
		{AD1EB9BA-AD7F-406A-810C-FE0A0ED1E819}.Debug Test|Any CPU.ActiveCfg = Debug|Any CPU
		{AD1EB9BA-AD7F-406A-810C-FE0A0ED1E819}.Debug Test|Any CPU.Build.0 = Debug|Any CPU
		{AD1EB9BA-AD7F-406A-810C-FE0A0ED1E819}.Debug|Any CPU.ActiveCfg = Debug|Any CPU
		{AD1EB9BA-AD7F-406A-810C-FE0A0ED1E819}.Release Test|Any CPU.ActiveCfg = Release|Any CPU
		{AD1EB9BA-AD7F-406A-810C-FE0A0ED1E819}.Release Test|Any CPU.Build.0 = Release|Any CPU
		{AD1EB9BA-AD7F-406A-810C-FE0A0ED1E819}.Release with Prerequisites|Any CPU.ActiveCfg = Release|Any CPU
		{AD1EB9BA-AD7F-406A-810C-FE0A0ED1E819}.Release|Any CPU.ActiveCfg = Release|Any CPU
		{651BA67D-9B00-4245-9C99-481F20273A62}.Debug Test|Any CPU.ActiveCfg = Debug|Any CPU
		{651BA67D-9B00-4245-9C99-481F20273A62}.Debug Test|Any CPU.Build.0 = Debug|Any CPU
		{651BA67D-9B00-4245-9C99-481F20273A62}.Debug|Any CPU.ActiveCfg = Debug|Any CPU
		{651BA67D-9B00-4245-9C99-481F20273A62}.Debug|Any CPU.Build.0 = Debug|Any CPU
		{651BA67D-9B00-4245-9C99-481F20273A62}.Release Test|Any CPU.ActiveCfg = Release|Any CPU
		{651BA67D-9B00-4245-9C99-481F20273A62}.Release Test|Any CPU.Build.0 = Release|Any CPU
		{651BA67D-9B00-4245-9C99-481F20273A62}.Release with Prerequisites|Any CPU.ActiveCfg = Release|Any CPU
		{651BA67D-9B00-4245-9C99-481F20273A62}.Release with Prerequisites|Any CPU.Build.0 = Release|Any CPU
		{651BA67D-9B00-4245-9C99-481F20273A62}.Release|Any CPU.ActiveCfg = Release|Any CPU
		{651BA67D-9B00-4245-9C99-481F20273A62}.Release|Any CPU.Build.0 = Release|Any CPU
		{7A7D2DB5-90CC-4BF0-9C80-FA7B8F6AAC74}.Debug Test|Any CPU.ActiveCfg = Debug|Any CPU
		{7A7D2DB5-90CC-4BF0-9C80-FA7B8F6AAC74}.Debug Test|Any CPU.Build.0 = Debug|Any CPU
		{7A7D2DB5-90CC-4BF0-9C80-FA7B8F6AAC74}.Debug|Any CPU.ActiveCfg = Debug|Any CPU
		{7A7D2DB5-90CC-4BF0-9C80-FA7B8F6AAC74}.Debug|Any CPU.Build.0 = Debug|Any CPU
		{7A7D2DB5-90CC-4BF0-9C80-FA7B8F6AAC74}.Release Test|Any CPU.ActiveCfg = Release|Any CPU
		{7A7D2DB5-90CC-4BF0-9C80-FA7B8F6AAC74}.Release Test|Any CPU.Build.0 = Release|Any CPU
		{7A7D2DB5-90CC-4BF0-9C80-FA7B8F6AAC74}.Release with Prerequisites|Any CPU.ActiveCfg = Release|Any CPU
		{7A7D2DB5-90CC-4BF0-9C80-FA7B8F6AAC74}.Release with Prerequisites|Any CPU.Build.0 = Release|Any CPU
		{7A7D2DB5-90CC-4BF0-9C80-FA7B8F6AAC74}.Release|Any CPU.ActiveCfg = Release|Any CPU
		{7A7D2DB5-90CC-4BF0-9C80-FA7B8F6AAC74}.Release|Any CPU.Build.0 = Release|Any CPU
		{A3E80010-9146-47EF-87B0-138A60406A9E}.Debug Test|Any CPU.ActiveCfg = Debug|Any CPU
		{A3E80010-9146-47EF-87B0-138A60406A9E}.Debug Test|Any CPU.Build.0 = Debug|Any CPU
		{A3E80010-9146-47EF-87B0-138A60406A9E}.Debug|Any CPU.ActiveCfg = Debug|Any CPU
		{A3E80010-9146-47EF-87B0-138A60406A9E}.Debug|Any CPU.Build.0 = Debug|Any CPU
		{A3E80010-9146-47EF-87B0-138A60406A9E}.Release Test|Any CPU.ActiveCfg = Release|Any CPU
		{A3E80010-9146-47EF-87B0-138A60406A9E}.Release Test|Any CPU.Build.0 = Release|Any CPU
		{A3E80010-9146-47EF-87B0-138A60406A9E}.Release with Prerequisites|Any CPU.ActiveCfg = Release|Any CPU
		{A3E80010-9146-47EF-87B0-138A60406A9E}.Release with Prerequisites|Any CPU.Build.0 = Release|Any CPU
		{A3E80010-9146-47EF-87B0-138A60406A9E}.Release|Any CPU.ActiveCfg = Release|Any CPU
		{A3E80010-9146-47EF-87B0-138A60406A9E}.Release|Any CPU.Build.0 = Release|Any CPU
		{69A8CBB4-7D00-4A3D-9CF7-220DD02C2EB7}.Debug Test|Any CPU.ActiveCfg = Debug|Any CPU
		{69A8CBB4-7D00-4A3D-9CF7-220DD02C2EB7}.Debug Test|Any CPU.Build.0 = Debug|Any CPU
		{69A8CBB4-7D00-4A3D-9CF7-220DD02C2EB7}.Debug|Any CPU.ActiveCfg = Debug|Any CPU
		{69A8CBB4-7D00-4A3D-9CF7-220DD02C2EB7}.Debug|Any CPU.Build.0 = Debug|Any CPU
		{69A8CBB4-7D00-4A3D-9CF7-220DD02C2EB7}.Release Test|Any CPU.ActiveCfg = Release|Any CPU
		{69A8CBB4-7D00-4A3D-9CF7-220DD02C2EB7}.Release Test|Any CPU.Build.0 = Release|Any CPU
		{69A8CBB4-7D00-4A3D-9CF7-220DD02C2EB7}.Release with Prerequisites|Any CPU.ActiveCfg = Release|Any CPU
		{69A8CBB4-7D00-4A3D-9CF7-220DD02C2EB7}.Release with Prerequisites|Any CPU.Build.0 = Release|Any CPU
		{69A8CBB4-7D00-4A3D-9CF7-220DD02C2EB7}.Release|Any CPU.ActiveCfg = Release|Any CPU
		{69A8CBB4-7D00-4A3D-9CF7-220DD02C2EB7}.Release|Any CPU.Build.0 = Release|Any CPU
		{FE2D334F-B2D8-4A07-B63D-93BA775DBBCF}.Debug Test|Any CPU.ActiveCfg = Debug|Any CPU
		{FE2D334F-B2D8-4A07-B63D-93BA775DBBCF}.Debug Test|Any CPU.Build.0 = Debug|Any CPU
		{FE2D334F-B2D8-4A07-B63D-93BA775DBBCF}.Debug|Any CPU.ActiveCfg = Debug|Any CPU
		{FE2D334F-B2D8-4A07-B63D-93BA775DBBCF}.Debug|Any CPU.Build.0 = Debug|Any CPU
		{FE2D334F-B2D8-4A07-B63D-93BA775DBBCF}.Release Test|Any CPU.ActiveCfg = Release|Any CPU
		{FE2D334F-B2D8-4A07-B63D-93BA775DBBCF}.Release Test|Any CPU.Build.0 = Release|Any CPU
		{FE2D334F-B2D8-4A07-B63D-93BA775DBBCF}.Release with Prerequisites|Any CPU.ActiveCfg = Release|Any CPU
		{FE2D334F-B2D8-4A07-B63D-93BA775DBBCF}.Release with Prerequisites|Any CPU.Build.0 = Release|Any CPU
		{FE2D334F-B2D8-4A07-B63D-93BA775DBBCF}.Release|Any CPU.ActiveCfg = Release|Any CPU
		{FE2D334F-B2D8-4A07-B63D-93BA775DBBCF}.Release|Any CPU.Build.0 = Release|Any CPU
		{306722B1-7554-46FD-A8BE-99185753CD51}.Debug Test|Any CPU.ActiveCfg = Debug|Any CPU
		{306722B1-7554-46FD-A8BE-99185753CD51}.Debug Test|Any CPU.Build.0 = Debug|Any CPU
		{306722B1-7554-46FD-A8BE-99185753CD51}.Debug|Any CPU.ActiveCfg = Debug|Any CPU
		{306722B1-7554-46FD-A8BE-99185753CD51}.Release Test|Any CPU.ActiveCfg = Release|Any CPU
		{306722B1-7554-46FD-A8BE-99185753CD51}.Release Test|Any CPU.Build.0 = Release|Any CPU
		{306722B1-7554-46FD-A8BE-99185753CD51}.Release with Prerequisites|Any CPU.ActiveCfg = Release|Any CPU
		{306722B1-7554-46FD-A8BE-99185753CD51}.Release|Any CPU.ActiveCfg = Release|Any CPU
		{942BA759-57F9-4213-BDC8-E9A8325631B0}.Debug Test|Any CPU.ActiveCfg = Debug|Any CPU
		{942BA759-57F9-4213-BDC8-E9A8325631B0}.Debug Test|Any CPU.Build.0 = Debug|Any CPU
		{942BA759-57F9-4213-BDC8-E9A8325631B0}.Debug|Any CPU.ActiveCfg = Debug|Any CPU
		{942BA759-57F9-4213-BDC8-E9A8325631B0}.Debug|Any CPU.Build.0 = Debug|Any CPU
		{942BA759-57F9-4213-BDC8-E9A8325631B0}.Release Test|Any CPU.ActiveCfg = Release|Any CPU
		{942BA759-57F9-4213-BDC8-E9A8325631B0}.Release Test|Any CPU.Build.0 = Release|Any CPU
		{942BA759-57F9-4213-BDC8-E9A8325631B0}.Release with Prerequisites|Any CPU.ActiveCfg = Release|Any CPU
		{942BA759-57F9-4213-BDC8-E9A8325631B0}.Release with Prerequisites|Any CPU.Build.0 = Release|Any CPU
		{942BA759-57F9-4213-BDC8-E9A8325631B0}.Release|Any CPU.ActiveCfg = Release|Any CPU
		{942BA759-57F9-4213-BDC8-E9A8325631B0}.Release|Any CPU.Build.0 = Release|Any CPU
		{1E91D8B1-CFE6-4914-BDCF-AA204773CECA}.Debug Test|Any CPU.ActiveCfg = Debug|Any CPU
		{1E91D8B1-CFE6-4914-BDCF-AA204773CECA}.Debug Test|Any CPU.Build.0 = Debug|Any CPU
		{1E91D8B1-CFE6-4914-BDCF-AA204773CECA}.Debug|Any CPU.ActiveCfg = Debug|Any CPU
		{1E91D8B1-CFE6-4914-BDCF-AA204773CECA}.Release Test|Any CPU.ActiveCfg = Release|Any CPU
		{1E91D8B1-CFE6-4914-BDCF-AA204773CECA}.Release Test|Any CPU.Build.0 = Release|Any CPU
		{1E91D8B1-CFE6-4914-BDCF-AA204773CECA}.Release with Prerequisites|Any CPU.ActiveCfg = Release|Any CPU
		{1E91D8B1-CFE6-4914-BDCF-AA204773CECA}.Release|Any CPU.ActiveCfg = Release|Any CPU
		{5E374FF3-3CE6-4FD2-B41C-679329FF05A5}.Debug Test|Any CPU.ActiveCfg = Debug|Any CPU
		{5E374FF3-3CE6-4FD2-B41C-679329FF05A5}.Debug Test|Any CPU.Build.0 = Debug|Any CPU
		{5E374FF3-3CE6-4FD2-B41C-679329FF05A5}.Debug|Any CPU.ActiveCfg = Debug|Any CPU
		{5E374FF3-3CE6-4FD2-B41C-679329FF05A5}.Debug|Any CPU.Build.0 = Debug|Any CPU
		{5E374FF3-3CE6-4FD2-B41C-679329FF05A5}.Release Test|Any CPU.ActiveCfg = Release|Any CPU
		{5E374FF3-3CE6-4FD2-B41C-679329FF05A5}.Release Test|Any CPU.Build.0 = Release|Any CPU
		{5E374FF3-3CE6-4FD2-B41C-679329FF05A5}.Release with Prerequisites|Any CPU.ActiveCfg = Release|Any CPU
		{5E374FF3-3CE6-4FD2-B41C-679329FF05A5}.Release with Prerequisites|Any CPU.Build.0 = Release|Any CPU
		{5E374FF3-3CE6-4FD2-B41C-679329FF05A5}.Release|Any CPU.ActiveCfg = Release|Any CPU
		{5E374FF3-3CE6-4FD2-B41C-679329FF05A5}.Release|Any CPU.Build.0 = Release|Any CPU
		{F46DFE27-1F74-4558-AD39-E7EA74822483}.Debug Test|Any CPU.ActiveCfg = Release
		{F46DFE27-1F74-4558-AD39-E7EA74822483}.Debug|Any CPU.ActiveCfg = Release
		{F46DFE27-1F74-4558-AD39-E7EA74822483}.Release Test|Any CPU.ActiveCfg = Release
		{F46DFE27-1F74-4558-AD39-E7EA74822483}.Release with Prerequisites|Any CPU.ActiveCfg = Release with Prerequisites
		{F46DFE27-1F74-4558-AD39-E7EA74822483}.Release with Prerequisites|Any CPU.Build.0 = Release with Prerequisites
		{F46DFE27-1F74-4558-AD39-E7EA74822483}.Release|Any CPU.ActiveCfg = Release
		{F46DFE27-1F74-4558-AD39-E7EA74822483}.Release|Any CPU.Build.0 = Release
	EndGlobalSection
	GlobalSection(SolutionProperties) = preSolution
		HideSolutionNode = FALSE
	EndGlobalSection
	GlobalSection(NestedProjects) = preSolution
		{FA1EF4FC-2FC7-4B29-9EAB-2872593C89E2} = {1AFE4E73-E215-4331-9E03-F33F61E3F442}
		{25162422-3B32-4FB3-8A99-6BCFBE30D9AE} = {1AFE4E73-E215-4331-9E03-F33F61E3F442}
		{F489B948-95CF-49FE-B9AA-A51654F5688B} = {41ACF768-8299-493A-9A21-B9A1B5C5BA5C}
		{644F7C29-CCE6-4827-9EF2-8B7D34194101} = {41ACF768-8299-493A-9A21-B9A1B5C5BA5C}
		{D8940035-D30A-48A3-AC28-E8A4B8910CB9} = {41ACF768-8299-493A-9A21-B9A1B5C5BA5C}
		{82461541-B351-4913-9747-EAFEE2322768} = {41ACF768-8299-493A-9A21-B9A1B5C5BA5C}
		{E3A19532-D12A-4A90-B7F3-637A0A8FA6BD} = {41ACF768-8299-493A-9A21-B9A1B5C5BA5C}
		{CAEC3FFA-F303-4CCB-A42A-36F45AA00BD2} = {41ACF768-8299-493A-9A21-B9A1B5C5BA5C}
		{1B657329-940D-4AA1-9768-431288B555E2} = {41ACF768-8299-493A-9A21-B9A1B5C5BA5C}
		{55647A42-640F-4D93-AFA3-72393D101DBA} = {41ACF768-8299-493A-9A21-B9A1B5C5BA5C}
		{E909B6F9-F856-4ED5-8D8F-6E77BC02C24C} = {41ACF768-8299-493A-9A21-B9A1B5C5BA5C}
		{EA8A738E-BA58-4AC2-9FE5-61EA851098A4} = {41ACF768-8299-493A-9A21-B9A1B5C5BA5C}
		{877BAA28-C2A6-41EC-BEDE-27B396FA8E20} = {41ACF768-8299-493A-9A21-B9A1B5C5BA5C}
		{B5F4667B-5154-45C0-A0DE-411BBC292049} = {41ACF768-8299-493A-9A21-B9A1B5C5BA5C}
		{CB2E6173-CB9F-4FB4-8948-30D04D4BAE50} = {41ACF768-8299-493A-9A21-B9A1B5C5BA5C}
		{4171BFD3-4E50-4752-977B-9B1F79C3EDFB} = {41ACF768-8299-493A-9A21-B9A1B5C5BA5C}
		{F7BFF679-5389-434C-81E4-7EE8530DF954} = {3772E0E6-CACC-4C35-9026-60E65764BE41}
		{554310BE-A8B8-4E36-A38F-5974739CEC6C} = {3A9BAAD8-3A80-4D3A-92C0-E6E33B5307C0}
		{E8A8F664-6F72-4139-A7B1-BB950EEC20AC} = {3A9BAAD8-3A80-4D3A-92C0-E6E33B5307C0}
		{ABECE297-BF82-4016-93F9-DF7204BA05F5} = {3A9BAAD8-3A80-4D3A-92C0-E6E33B5307C0}
		{E87405A5-8FB0-4CE0-9946-3A08205B5DE0} = {3A9BAAD8-3A80-4D3A-92C0-E6E33B5307C0}
		{D639409C-0B93-494B-9A01-4FE79686FAD6} = {3A9BAAD8-3A80-4D3A-92C0-E6E33B5307C0}
		{7585E865-B3AA-4D73-BAC0-D0C4B25D2CF0} = {3A9BAAD8-3A80-4D3A-92C0-E6E33B5307C0}
		{1C44A8C0-7805-4172-8746-2DB750803FFF} = {3A9BAAD8-3A80-4D3A-92C0-E6E33B5307C0}
		{7CA209C1-B1A8-43E0-BBFB-79EDA186CE62} = {3A9BAAD8-3A80-4D3A-92C0-E6E33B5307C0}
		{0762E929-7EB5-4BDA-9018-DBA94DA8BDE5} = {3A9BAAD8-3A80-4D3A-92C0-E6E33B5307C0}
		{A1060959-580E-4493-BA51-4A3A7CDE1E88} = {3A9BAAD8-3A80-4D3A-92C0-E6E33B5307C0}
		{B1FA3C03-5924-47FF-90AD-D5D38027DF0C} = {3A9BAAD8-3A80-4D3A-92C0-E6E33B5307C0}
		{F0C24AC7-9A75-4898-AA3C-11711FD5C19C} = {3A9BAAD8-3A80-4D3A-92C0-E6E33B5307C0}
		{7B0B343D-F992-4A1E-8E07-CB8EC651A5E6} = {3A9BAAD8-3A80-4D3A-92C0-E6E33B5307C0}
		{93A4CA8C-A158-4994-AB07-9577BDAE6F9B} = {3A9BAAD8-3A80-4D3A-92C0-E6E33B5307C0}
		{E9FF1D5E-84E0-4ADB-94EC-662903931295} = {3A9BAAD8-3A80-4D3A-92C0-E6E33B5307C0}
		{AD1EB9BA-AD7F-406A-810C-FE0A0ED1E819} = {3A9BAAD8-3A80-4D3A-92C0-E6E33B5307C0}
		{651BA67D-9B00-4245-9C99-481F20273A62} = {3A9BAAD8-3A80-4D3A-92C0-E6E33B5307C0}
		{7A7D2DB5-90CC-4BF0-9C80-FA7B8F6AAC74} = {3A9BAAD8-3A80-4D3A-92C0-E6E33B5307C0}
		{A3E80010-9146-47EF-87B0-138A60406A9E} = {3A9BAAD8-3A80-4D3A-92C0-E6E33B5307C0}
		{69A8CBB4-7D00-4A3D-9CF7-220DD02C2EB7} = {3A9BAAD8-3A80-4D3A-92C0-E6E33B5307C0}
		{FE2D334F-B2D8-4A07-B63D-93BA775DBBCF} = {3A9BAAD8-3A80-4D3A-92C0-E6E33B5307C0}
		{306722B1-7554-46FD-A8BE-99185753CD51} = {3A9BAAD8-3A80-4D3A-92C0-E6E33B5307C0}
		{942BA759-57F9-4213-BDC8-E9A8325631B0} = {3A9BAAD8-3A80-4D3A-92C0-E6E33B5307C0}
		{1E91D8B1-CFE6-4914-BDCF-AA204773CECA} = {3A9BAAD8-3A80-4D3A-92C0-E6E33B5307C0}
		{5E374FF3-3CE6-4FD2-B41C-679329FF05A5} = {3A9BAAD8-3A80-4D3A-92C0-E6E33B5307C0}
		{F46DFE27-1F74-4558-AD39-E7EA74822483} = {3A9BAAD8-3A80-4D3A-92C0-E6E33B5307C0}
		{3A3C9EBD-9F6E-424C-ABEF-2B26CEC477F5} = {554310BE-A8B8-4E36-A38F-5974739CEC6C}
	EndGlobalSection
EndGlobal
