
Microsoft Visual Studio Solution File, Format Version 12.00
# Visual Studio Version 16
VisualStudioVersion = 16.0.31702.278
MinimumVisualStudioVersion = 10.0.40219.1
Project("{FAE04EC0-301F-11D3-BF4B-00C04F79EFBC}") = "StartCommit", "StartCommit\StartCommit.csproj", "{F2871B3F-52AF-4EFB-BACD-2A24F8BC3873}"
EndProject
Project("{FAE04EC0-301F-11D3-BF4B-00C04F79EFBC}") = "PostUpdate", "PostUpdate\PostUpdate.csproj", "{D497CC7C-BA0D-4438-93E5-D0C91750B470}"
EndProject
Project("{2150E333-8FDC-42A3-9474-1A3956D46DE8}") = "!-Doc", "!-Doc", "{2F9EB3C4-BFB5-465A-B0AC-2450100776C9}"
	ProjectSection(SolutionItems) = preProject
		..\..\YAT\!-Tools\SVN Hooks - ReadMe.txt = ..\..\YAT\!-Tools\SVN Hooks - ReadMe.txt
		..\..\YAT\!-Tools\SVN Setup.txt = ..\..\YAT\!-Tools\SVN Setup.txt
	EndProjectSection
EndProject
Global
	GlobalSection(SolutionConfigurationPlatforms) = preSolution
		Debug|Any CPU = Debug|Any CPU
		Release|Any CPU = Release|Any CPU
	EndGlobalSection
	GlobalSection(ProjectConfigurationPlatforms) = postSolution
		{F2871B3F-52AF-4EFB-BACD-2A24F8BC3873}.Debug|Any CPU.ActiveCfg = Debug|Any CPU
		{F2871B3F-52AF-4EFB-BACD-2A24F8BC3873}.Debug|Any CPU.Build.0 = Debug|Any CPU
		{F2871B3F-52AF-4EFB-BACD-2A24F8BC3873}.Release|Any CPU.ActiveCfg = Release|Any CPU
		{F2871B3F-52AF-4EFB-BACD-2A24F8BC3873}.Release|Any CPU.Build.0 = Release|Any CPU
		{D497CC7C-BA0D-4438-93E5-D0C91750B470}.Debug|Any CPU.ActiveCfg = Debug|Any CPU
		{D497CC7C-BA0D-4438-93E5-D0C91750B470}.Debug|Any CPU.Build.0 = Debug|Any CPU
		{D497CC7C-BA0D-4438-93E5-D0C91750B470}.Release|Any CPU.ActiveCfg = Release|Any CPU
		{D497CC7C-BA0D-4438-93E5-D0C91750B470}.Release|Any CPU.Build.0 = Release|Any CPU
	EndGlobalSection
	GlobalSection(SolutionProperties) = preSolution
		HideSolutionNode = FALSE
	EndGlobalSection
	GlobalSection(ExtensibilityGlobals) = postSolution
		SolutionGuid = {0CFB685B-16E3-4371-9DEC-D3D405416D79}
	EndGlobalSection
EndGlobal
