
Microsoft Visual Studio Solution File, Format Version 9.00
# Visual Studio 2005
Project("{FAE04EC0-301F-11D3-BF4B-00C04F79EFBC}") = "SystemEx", "Source\SystemEx\SystemEx.csproj", "{FA1EF4FC-2FC7-4B29-9EAB-2872593C89E2}"
EndProject
Project("{2150E333-8FDC-42A3-9474-1A3956D46DE8}") = "Demos", "Demos", "{20A5D77E-E1EA-47E9-80CE-96FC138399C2}"
EndProject
Project("{2150E333-8FDC-42A3-9474-1A3956D46DE8}") = "Echo", "Echo", "{35BBD746-7586-40B8-BADE-0E00917C991D}"
EndProject
Project("{2150E333-8FDC-42A3-9474-1A3956D46DE8}") = "Source", "Source", "{699FD8B3-B3ED-443A-AC1E-A0D7831DCFAA}"
EndProject
Project("{2150E333-8FDC-42A3-9474-1A3956D46DE8}") = "Services", "Services", "{65E7E013-F28B-4EAA-9876-5D113A80C629}"
EndProject
Project("{FAE04EC0-301F-11D3-BF4B-00C04F79EFBC}") = "EchoCryptService", "Demos\Echo\EchoCryptService\EchoCryptService.csproj", "{6F3E0292-6C57-4AE8-B653-D8671A4D14E6}"
EndProject
Project("{FAE04EC0-301F-11D3-BF4B-00C04F79EFBC}") = "EchoSocketService", "Demos\Echo\EchoSocketService\EchoSocketService.csproj", "{5A92571E-8466-48F3-AB25-F8D095FA5B31}"
EndProject
Project("{2150E333-8FDC-42A3-9474-1A3956D46DE8}") = "Hosts", "Hosts", "{BB00112F-C1ED-48E6-B19C-D7C977F4AC6C}"
EndProject
Project("{FAE04EC0-301F-11D3-BF4B-00C04F79EFBC}") = "EchoFormServer", "Demos\Echo\EchoFormServer\EchoFormServer.csproj", "{79EB90DE-AAB2-4674-8A7E-7236795DBA2F}"
EndProject
Project("{FAE04EC0-301F-11D3-BF4B-00C04F79EFBC}") = "EchoFormClient", "Demos\Echo\EchoFormClient\EchoFormClient.csproj", "{8484E620-25F1-4E3B-9BF7-4855507F2B4F}"
EndProject
Project("{FAE04EC0-301F-11D3-BF4B-00C04F79EFBC}") = "EchoFormTemplate", "Demos\Echo\EchoForm\EchoFormTemplate.csproj", "{8B7FCE2F-AB20-4486-8002-4D981D856CB9}"
EndProject
Project("{FAE04EC0-301F-11D3-BF4B-00C04F79EFBC}") = "EchoWindowsServiceServer", "Demos\Echo\EchoWindowsServiceServer\EchoWindowsServiceServer.csproj", "{C6D35ED9-771B-4F0C-8B7F-E70272351C8C}"
EndProject
Project("{FAE04EC0-301F-11D3-BF4B-00C04F79EFBC}") = "EchoConsoleClient", "Demos\Echo\EchoConsoleClient\EchoConsoleClient.csproj", "{03466540-41CD-428D-944E-77E74C0EEED3}"
EndProject
Project("{FAE04EC0-301F-11D3-BF4B-00C04F79EFBC}") = "EchoConsoleServer", "Demos\Echo\EchoConsoleServer\EchoConsoleServer.csproj", "{5FF5DB6F-3AEC-4D60-8738-C24619B98721}"
EndProject
Global
	GlobalSection(SolutionConfigurationPlatforms) = preSolution
		Debug|Any CPU = Debug|Any CPU
		Release|Any CPU = Release|Any CPU
	EndGlobalSection
	GlobalSection(ProjectConfigurationPlatforms) = postSolution
		{FA1EF4FC-2FC7-4B29-9EAB-2872593C89E2}.Debug|Any CPU.ActiveCfg = Debug|Any CPU
		{FA1EF4FC-2FC7-4B29-9EAB-2872593C89E2}.Debug|Any CPU.Build.0 = Debug|Any CPU
		{FA1EF4FC-2FC7-4B29-9EAB-2872593C89E2}.Release|Any CPU.ActiveCfg = Release|Any CPU
		{FA1EF4FC-2FC7-4B29-9EAB-2872593C89E2}.Release|Any CPU.Build.0 = Release|Any CPU
		{6F3E0292-6C57-4AE8-B653-D8671A4D14E6}.Debug|Any CPU.ActiveCfg = Debug|Any CPU
		{6F3E0292-6C57-4AE8-B653-D8671A4D14E6}.Debug|Any CPU.Build.0 = Debug|Any CPU
		{6F3E0292-6C57-4AE8-B653-D8671A4D14E6}.Release|Any CPU.ActiveCfg = Release|Any CPU
		{6F3E0292-6C57-4AE8-B653-D8671A4D14E6}.Release|Any CPU.Build.0 = Release|Any CPU
		{5A92571E-8466-48F3-AB25-F8D095FA5B31}.Debug|Any CPU.ActiveCfg = Debug|Any CPU
		{5A92571E-8466-48F3-AB25-F8D095FA5B31}.Debug|Any CPU.Build.0 = Debug|Any CPU
		{5A92571E-8466-48F3-AB25-F8D095FA5B31}.Release|Any CPU.ActiveCfg = Release|Any CPU
		{5A92571E-8466-48F3-AB25-F8D095FA5B31}.Release|Any CPU.Build.0 = Release|Any CPU
		{79EB90DE-AAB2-4674-8A7E-7236795DBA2F}.Debug|Any CPU.ActiveCfg = Debug|Any CPU
		{79EB90DE-AAB2-4674-8A7E-7236795DBA2F}.Debug|Any CPU.Build.0 = Debug|Any CPU
		{79EB90DE-AAB2-4674-8A7E-7236795DBA2F}.Release|Any CPU.ActiveCfg = Release|Any CPU
		{79EB90DE-AAB2-4674-8A7E-7236795DBA2F}.Release|Any CPU.Build.0 = Release|Any CPU
		{8484E620-25F1-4E3B-9BF7-4855507F2B4F}.Debug|Any CPU.ActiveCfg = Debug|Any CPU
		{8484E620-25F1-4E3B-9BF7-4855507F2B4F}.Debug|Any CPU.Build.0 = Debug|Any CPU
		{8484E620-25F1-4E3B-9BF7-4855507F2B4F}.Release|Any CPU.ActiveCfg = Release|Any CPU
		{8484E620-25F1-4E3B-9BF7-4855507F2B4F}.Release|Any CPU.Build.0 = Release|Any CPU
		{8B7FCE2F-AB20-4486-8002-4D981D856CB9}.Debug|Any CPU.ActiveCfg = Debug|Any CPU
		{8B7FCE2F-AB20-4486-8002-4D981D856CB9}.Debug|Any CPU.Build.0 = Debug|Any CPU
		{8B7FCE2F-AB20-4486-8002-4D981D856CB9}.Release|Any CPU.ActiveCfg = Release|Any CPU
		{8B7FCE2F-AB20-4486-8002-4D981D856CB9}.Release|Any CPU.Build.0 = Release|Any CPU
		{C6D35ED9-771B-4F0C-8B7F-E70272351C8C}.Debug|Any CPU.ActiveCfg = Debug|Any CPU
		{C6D35ED9-771B-4F0C-8B7F-E70272351C8C}.Debug|Any CPU.Build.0 = Debug|Any CPU
		{C6D35ED9-771B-4F0C-8B7F-E70272351C8C}.Release|Any CPU.ActiveCfg = Release|Any CPU
		{C6D35ED9-771B-4F0C-8B7F-E70272351C8C}.Release|Any CPU.Build.0 = Release|Any CPU
		{03466540-41CD-428D-944E-77E74C0EEED3}.Debug|Any CPU.ActiveCfg = Debug|Any CPU
		{03466540-41CD-428D-944E-77E74C0EEED3}.Debug|Any CPU.Build.0 = Debug|Any CPU
		{03466540-41CD-428D-944E-77E74C0EEED3}.Release|Any CPU.ActiveCfg = Release|Any CPU
		{03466540-41CD-428D-944E-77E74C0EEED3}.Release|Any CPU.Build.0 = Release|Any CPU
		{5FF5DB6F-3AEC-4D60-8738-C24619B98721}.Debug|Any CPU.ActiveCfg = Debug|Any CPU
		{5FF5DB6F-3AEC-4D60-8738-C24619B98721}.Debug|Any CPU.Build.0 = Debug|Any CPU
		{5FF5DB6F-3AEC-4D60-8738-C24619B98721}.Release|Any CPU.ActiveCfg = Release|Any CPU
		{5FF5DB6F-3AEC-4D60-8738-C24619B98721}.Release|Any CPU.Build.0 = Release|Any CPU
	EndGlobalSection
	GlobalSection(SolutionProperties) = preSolution
		HideSolutionNode = FALSE
	EndGlobalSection
	GlobalSection(NestedProjects) = preSolution
		{FA1EF4FC-2FC7-4B29-9EAB-2872593C89E2} = {699FD8B3-B3ED-443A-AC1E-A0D7831DCFAA}
		{35BBD746-7586-40B8-BADE-0E00917C991D} = {20A5D77E-E1EA-47E9-80CE-96FC138399C2}
		{65E7E013-F28B-4EAA-9876-5D113A80C629} = {35BBD746-7586-40B8-BADE-0E00917C991D}
		{BB00112F-C1ED-48E6-B19C-D7C977F4AC6C} = {35BBD746-7586-40B8-BADE-0E00917C991D}
		{6F3E0292-6C57-4AE8-B653-D8671A4D14E6} = {65E7E013-F28B-4EAA-9876-5D113A80C629}
		{5A92571E-8466-48F3-AB25-F8D095FA5B31} = {65E7E013-F28B-4EAA-9876-5D113A80C629}
		{79EB90DE-AAB2-4674-8A7E-7236795DBA2F} = {BB00112F-C1ED-48E6-B19C-D7C977F4AC6C}
		{8484E620-25F1-4E3B-9BF7-4855507F2B4F} = {BB00112F-C1ED-48E6-B19C-D7C977F4AC6C}
		{8B7FCE2F-AB20-4486-8002-4D981D856CB9} = {BB00112F-C1ED-48E6-B19C-D7C977F4AC6C}
		{C6D35ED9-771B-4F0C-8B7F-E70272351C8C} = {BB00112F-C1ED-48E6-B19C-D7C977F4AC6C}
		{03466540-41CD-428D-944E-77E74C0EEED3} = {BB00112F-C1ED-48E6-B19C-D7C977F4AC6C}
		{5FF5DB6F-3AEC-4D60-8738-C24619B98721} = {BB00112F-C1ED-48E6-B19C-D7C977F4AC6C}
	EndGlobalSection
EndGlobal
